
Microsoft Visual Studio Solution File, Format Version 12.00
# Visual Studio Version 16
VisualStudioVersion = 16.0.31321.278
MinimumVisualStudioVersion = 10.0.40219.1
Project("{8BC9CEB8-8B4A-11D0-8D11-00A0C91BC942}") = "ALGSTRD1", "ALGSTRD1.vcxproj", "{55DBFC31-D5AB-4F51-A751-995DE0BC74A6}"
EndProject
Project("{8BC9CEB8-8B4A-11D0-8D11-00A0C91BC942}") = "UnitTest1", "..\UnitTest1\UnitTest1.vcxproj", "{E59AB2C5-9F0E-449D-AFD4-C8C6500DAB93}"
EndProject
Global
	GlobalSection(SolutionConfigurationPlatforms) = preSolution
		Debug|x64 = Debug|x64
		Debug|x86 = Debug|x86
		Release|x64 = Release|x64
		Release|x86 = Release|x86
	EndGlobalSection
	GlobalSection(ProjectConfigurationPlatforms) = postSolution
		{55DBFC31-D5AB-4F51-A751-995DE0BC74A6}.Debug|x64.ActiveCfg = Debug|x64
		{55DBFC31-D5AB-4F51-A751-995DE0BC74A6}.Debug|x64.Build.0 = Debug|x64
		{55DBFC31-D5AB-4F51-A751-995DE0BC74A6}.Debug|x86.ActiveCfg = Debug|Win32
		{55DBFC31-D5AB-4F51-A751-995DE0BC74A6}.Debug|x86.Build.0 = Debug|Win32
		{55DBFC31-D5AB-4F51-A751-995DE0BC74A6}.Release|x64.ActiveCfg = Release|x64
		{55DBFC31-D5AB-4F51-A751-995DE0BC74A6}.Release|x64.Build.0 = Release|x64
		{55DBFC31-D5AB-4F51-A751-995DE0BC74A6}.Release|x86.ActiveCfg = Release|Win32
		{55DBFC31-D5AB-4F51-A751-995DE0BC74A6}.Release|x86.Build.0 = Release|Win32
		{E59AB2C5-9F0E-449D-AFD4-C8C6500DAB93}.Debug|x64.ActiveCfg = Debug|x64
		{E59AB2C5-9F0E-449D-AFD4-C8C6500DAB93}.Debug|x64.Build.0 = Debug|x64
		{E59AB2C5-9F0E-449D-AFD4-C8C6500DAB93}.Debug|x86.ActiveCfg = Debug|Win32
		{E59AB2C5-9F0E-449D-AFD4-C8C6500DAB93}.Debug|x86.Build.0 = Debug|Win32
		{E59AB2C5-9F0E-449D-AFD4-C8C6500DAB93}.Release|x64.ActiveCfg = Release|x64
		{E59AB2C5-9F0E-449D-AFD4-C8C6500DAB93}.Release|x64.Build.0 = Release|x64
		{E59AB2C5-9F0E-449D-AFD4-C8C6500DAB93}.Release|x86.ActiveCfg = Release|Win32
		{E59AB2C5-9F0E-449D-AFD4-C8C6500DAB93}.Release|x86.Build.0 = Release|Win32
	EndGlobalSection
	GlobalSection(SolutionProperties) = preSolution
		HideSolutionNode = FALSE
	EndGlobalSection
	GlobalSection(ExtensibilityGlobals) = postSolution
		SolutionGuid = {93FFA33C-57EE-4389-A274-314CDCF19DD6}
	EndGlobalSection
EndGlobal
